// !$*UTF8*$!
{
	archiveVersion = 1;
	classes = {
	};
	objectVersion = 55;
	objects = {

/* Begin PBXBuildFile section */
		B134380228136FD60041BAD6 /* NetworkManager.swift in Sources */ = {isa = PBXBuildFile; fileRef = B134380128136FD60041BAD6 /* NetworkManager.swift */; };
		B134380428137F240041BAD6 /* PhonesTableViewCell.swift in Sources */ = {isa = PBXBuildFile; fileRef = B134380328137F240041BAD6 /* PhonesTableViewCell.swift */; };
		B1A73DB6280EE3FC00AA681F /* AppDelegate.swift in Sources */ = {isa = PBXBuildFile; fileRef = B1A73DB5280EE3FC00AA681F /* AppDelegate.swift */; };
		B1A73DB8280EE3FC00AA681F /* SceneDelegate.swift in Sources */ = {isa = PBXBuildFile; fileRef = B1A73DB7280EE3FC00AA681F /* SceneDelegate.swift */; };
		B1A73DBD280EE3FC00AA681F /* Main.storyboard in Resources */ = {isa = PBXBuildFile; fileRef = B1A73DBB280EE3FC00AA681F /* Main.storyboard */; };
		B1A73DBF280EE40300AA681F /* Assets.xcassets in Resources */ = {isa = PBXBuildFile; fileRef = B1A73DBE280EE40300AA681F /* Assets.xcassets */; };
		B1A73DC2280EE40300AA681F /* LaunchScreen.storyboard in Resources */ = {isa = PBXBuildFile; fileRef = B1A73DC0280EE40300AA681F /* LaunchScreen.storyboard */; };
		B1A73DCF280EE63E00AA681F /* PhonesTableViewController.swift in Sources */ = {isa = PBXBuildFile; fileRef = B1A73DCE280EE63E00AA681F /* PhonesTableViewController.swift */; };
		B1A73DD1280FB9EC00AA681F /* Mobile.swift in Sources */ = {isa = PBXBuildFile; fileRef = B1A73DD0280FB9EC00AA681F /* Mobile.swift */; };
		F6AACEED50DD7E7C93CB449E /* Pods_TopMobile.framework in Frameworks */ = {isa = PBXBuildFile; fileRef = 8FF1443E283903FCA3CA16F6 /* Pods_TopMobile.framework */; };
/* End PBXBuildFile section */

/* Begin PBXFileReference section */
		1DB54A0E842DABB6D4E822D6 /* Pods-TopMobile.debug.xcconfig */ = {isa = PBXFileReference; includeInIndex = 1; lastKnownFileType = text.xcconfig; name = "Pods-TopMobile.debug.xcconfig"; path = "Target Support Files/Pods-TopMobile/Pods-TopMobile.debug.xcconfig"; sourceTree = "<group>"; };
		8FF1443E283903FCA3CA16F6 /* Pods_TopMobile.framework */ = {isa = PBXFileReference; explicitFileType = wrapper.framework; includeInIndex = 0; path = Pods_TopMobile.framework; sourceTree = BUILT_PRODUCTS_DIR; };
		B134380128136FD60041BAD6 /* NetworkManager.swift */ = {isa = PBXFileReference; lastKnownFileType = sourcecode.swift; path = NetworkManager.swift; sourceTree = "<group>"; };
		B134380328137F240041BAD6 /* PhonesTableViewCell.swift */ = {isa = PBXFileReference; lastKnownFileType = sourcecode.swift; path = PhonesTableViewCell.swift; sourceTree = "<group>"; };
		B1A73DB2280EE3FC00AA681F /* TopMobile.app */ = {isa = PBXFileReference; explicitFileType = wrapper.application; includeInIndex = 0; path = TopMobile.app; sourceTree = BUILT_PRODUCTS_DIR; };
		B1A73DB5280EE3FC00AA681F /* AppDelegate.swift */ = {isa = PBXFileReference; lastKnownFileType = sourcecode.swift; path = AppDelegate.swift; sourceTree = "<group>"; };
		B1A73DB7280EE3FC00AA681F /* SceneDelegate.swift */ = {isa = PBXFileReference; lastKnownFileType = sourcecode.swift; path = SceneDelegate.swift; sourceTree = "<group>"; };
		B1A73DBC280EE3FC00AA681F /* Base */ = {isa = PBXFileReference; lastKnownFileType = file.storyboard; name = Base; path = Base.lproj/Main.storyboard; sourceTree = "<group>"; };
		B1A73DBE280EE40300AA681F /* Assets.xcassets */ = {isa = PBXFileReference; lastKnownFileType = folder.assetcatalog; path = Assets.xcassets; sourceTree = "<group>"; };
		B1A73DC1280EE40300AA681F /* Base */ = {isa = PBXFileReference; lastKnownFileType = file.storyboard; name = Base; path = Base.lproj/LaunchScreen.storyboard; sourceTree = "<group>"; };
		B1A73DC3280EE40300AA681F /* Info.plist */ = {isa = PBXFileReference; lastKnownFileType = text.plist.xml; path = Info.plist; sourceTree = "<group>"; };
		B1A73DCE280EE63E00AA681F /* PhonesTableViewController.swift */ = {isa = PBXFileReference; lastKnownFileType = sourcecode.swift; path = PhonesTableViewController.swift; sourceTree = "<group>"; };
		B1A73DD0280FB9EC00AA681F /* Mobile.swift */ = {isa = PBXFileReference; lastKnownFileType = sourcecode.swift; path = Mobile.swift; sourceTree = "<group>"; };
		BEBEF15942852E3BEC7F4458 /* Pods-TopMobile.release.xcconfig */ = {isa = PBXFileReference; includeInIndex = 1; lastKnownFileType = text.xcconfig; name = "Pods-TopMobile.release.xcconfig"; path = "Target Support Files/Pods-TopMobile/Pods-TopMobile.release.xcconfig"; sourceTree = "<group>"; };
/* End PBXFileReference section */

/* Begin PBXFrameworksBuildPhase section */
		B1A73DAF280EE3FC00AA681F /* Frameworks */ = {
			isa = PBXFrameworksBuildPhase;
			buildActionMask = 2147483647;
			files = (
				F6AACEED50DD7E7C93CB449E /* Pods_TopMobile.framework in Frameworks */,
			);
			runOnlyForDeploymentPostprocessing = 0;
		};
/* End PBXFrameworksBuildPhase section */

/* Begin PBXGroup section */
		B134380028136FA90041BAD6 /* Services */ = {
			isa = PBXGroup;
			children = (
				B134380128136FD60041BAD6 /* NetworkManager.swift */,
			);
			path = Services;
			sourceTree = "<group>";
		};
		B1A73DA9280EE3FC00AA681F = {
			isa = PBXGroup;
			children = (
				B1A73DB4280EE3FC00AA681F /* TopMobile */,
				B1A73DB3280EE3FC00AA681F /* Products */,
				DDD1AA329CA39E89596B2648 /* Pods */,
				E95EF90EF73D1BA20D1A6940 /* Frameworks */,
			);
			sourceTree = "<group>";
		};
		B1A73DB3280EE3FC00AA681F /* Products */ = {
			isa = PBXGroup;
			children = (
				B1A73DB2280EE3FC00AA681F /* TopMobile.app */,
			);
			name = Products;
			sourceTree = "<group>";
		};
		B1A73DB4280EE3FC00AA681F /* TopMobile */ = {
			isa = PBXGroup;
			children = (
				B134380028136FA90041BAD6 /* Services */,
				B1A73DCA280EE4B400AA681F /* Models */,
				B1A73DCB280EE4E900AA681F /* ViewControllers */,
				B1A73DCC280EE4F800AA681F /* Storyboards */,
				B1A73DCD280EE50500AA681F /* Resources */,
				B1A73DC9280EE4AB00AA681F /* App */,
			);
			path = TopMobile;
			sourceTree = "<group>";
		};
		B1A73DC9280EE4AB00AA681F /* App */ = {
			isa = PBXGroup;
			children = (
				B1A73DB5280EE3FC00AA681F /* AppDelegate.swift */,
				B1A73DB7280EE3FC00AA681F /* SceneDelegate.swift */,
				B1A73DC3280EE40300AA681F /* Info.plist */,
			);
			path = App;
			sourceTree = "<group>";
		};
		B1A73DCA280EE4B400AA681F /* Models */ = {
			isa = PBXGroup;
			children = (
				B1A73DD0280FB9EC00AA681F /* Mobile.swift */,
			);
			path = Models;
			sourceTree = "<group>";
		};
		B1A73DCB280EE4E900AA681F /* ViewControllers */ = {
			isa = PBXGroup;
			children = (
				B1A73DCE280EE63E00AA681F /* PhonesTableViewController.swift */,
				B134380328137F240041BAD6 /* PhonesTableViewCell.swift */,
			);
			path = ViewControllers;
			sourceTree = "<group>";
		};
		B1A73DCC280EE4F800AA681F /* Storyboards */ = {
			isa = PBXGroup;
			children = (
				B1A73DBB280EE3FC00AA681F /* Main.storyboard */,
				B1A73DC0280EE40300AA681F /* LaunchScreen.storyboard */,
			);
			path = Storyboards;
			sourceTree = "<group>";
		};
		B1A73DCD280EE50500AA681F /* Resources */ = {
			isa = PBXGroup;
			children = (
				B1A73DBE280EE40300AA681F /* Assets.xcassets */,
			);
			path = Resources;
			sourceTree = "<group>";
		};
		DDD1AA329CA39E89596B2648 /* Pods */ = {
			isa = PBXGroup;
			children = (
				1DB54A0E842DABB6D4E822D6 /* Pods-TopMobile.debug.xcconfig */,
				BEBEF15942852E3BEC7F4458 /* Pods-TopMobile.release.xcconfig */,
			);
			name = Pods;
			path = Pods;
			sourceTree = "<group>";
		};
		E95EF90EF73D1BA20D1A6940 /* Frameworks */ = {
			isa = PBXGroup;
			children = (
				8FF1443E283903FCA3CA16F6 /* Pods_TopMobile.framework */,
			);
			name = Frameworks;
			sourceTree = "<group>";
		};
/* End PBXGroup section */

/* Begin PBXNativeTarget section */
		B1A73DB1280EE3FC00AA681F /* TopMobile */ = {
			isa = PBXNativeTarget;
			buildConfigurationList = B1A73DC6280EE40300AA681F /* Build configuration list for PBXNativeTarget "TopMobile" */;
			buildPhases = (
				647B59AF85D44DEB09046337 /* [CP] Check Pods Manifest.lock */,
				B1A73DAE280EE3FC00AA681F /* Sources */,
				B1A73DAF280EE3FC00AA681F /* Frameworks */,
				B1A73DB0280EE3FC00AA681F /* Resources */,
				C15B21531391C3209B87C0D4 /* [CP] Embed Pods Frameworks */,
			);
			buildRules = (
			);
			dependencies = (
			);
			name = TopMobile;
			productName = TopMobile;
			productReference = B1A73DB2280EE3FC00AA681F /* TopMobile.app */;
			productType = "com.apple.product-type.application";
		};
/* End PBXNativeTarget section */

/* Begin PBXProject section */
		B1A73DAA280EE3FC00AA681F /* Project object */ = {
			isa = PBXProject;
			attributes = {
				BuildIndependentTargetsInParallel = 1;
				LastSwiftUpdateCheck = 1330;
				LastUpgradeCheck = 1330;
				TargetAttributes = {
					B1A73DB1280EE3FC00AA681F = {
						CreatedOnToolsVersion = 13.3.1;
					};
				};
			};
			buildConfigurationList = B1A73DAD280EE3FC00AA681F /* Build configuration list for PBXProject "TopMobile" */;
			compatibilityVersion = "Xcode 13.0";
			developmentRegion = en;
			hasScannedForEncodings = 0;
			knownRegions = (
				en,
				Base,
			);
			mainGroup = B1A73DA9280EE3FC00AA681F;
			productRefGroup = B1A73DB3280EE3FC00AA681F /* Products */;
			projectDirPath = "";
			projectRoot = "";
			targets = (
				B1A73DB1280EE3FC00AA681F /* TopMobile */,
			);
		};
/* End PBXProject section */

/* Begin PBXResourcesBuildPhase section */
		B1A73DB0280EE3FC00AA681F /* Resources */ = {
			isa = PBXResourcesBuildPhase;
			buildActionMask = 2147483647;
			files = (
				B1A73DC2280EE40300AA681F /* LaunchScreen.storyboard in Resources */,
				B1A73DBF280EE40300AA681F /* Assets.xcassets in Resources */,
				B1A73DBD280EE3FC00AA681F /* Main.storyboard in Resources */,
			);
			runOnlyForDeploymentPostprocessing = 0;
		};
/* End PBXResourcesBuildPhase section */

/* Begin PBXShellScriptBuildPhase section */
		647B59AF85D44DEB09046337 /* [CP] Check Pods Manifest.lock */ = {
			isa = PBXShellScriptBuildPhase;
			buildActionMask = 2147483647;
			files = (
			);
			inputFileListPaths = (
			);
			inputPaths = (
				"${PODS_PODFILE_DIR_PATH}/Podfile.lock",
				"${PODS_ROOT}/Manifest.lock",
			);
			name = "[CP] Check Pods Manifest.lock";
			outputFileListPaths = (
			);
			outputPaths = (
				"$(DERIVED_FILE_DIR)/Pods-TopMobile-checkManifestLockResult.txt",
			);
			runOnlyForDeploymentPostprocessing = 0;
			shellPath = /bin/sh;
			shellScript = "diff \"${PODS_PODFILE_DIR_PATH}/Podfile.lock\" \"${PODS_ROOT}/Manifest.lock\" > /dev/null\nif [ $? != 0 ] ; then\n    # print error to STDERR\n    echo \"error: The sandbox is not in sync with the Podfile.lock. Run 'pod install' or update your CocoaPods installation.\" >&2\n    exit 1\nfi\n# This output is used by Xcode 'outputs' to avoid re-running this script phase.\necho \"SUCCESS\" > \"${SCRIPT_OUTPUT_FILE_0}\"\n";
			showEnvVarsInLog = 0;
		};
		C15B21531391C3209B87C0D4 /* [CP] Embed Pods Frameworks */ = {
			isa = PBXShellScriptBuildPhase;
			buildActionMask = 2147483647;
			files = (
			);
			inputFileListPaths = (
				"${PODS_ROOT}/Target Support Files/Pods-TopMobile/Pods-TopMobile-frameworks-${CONFIGURATION}-input-files.xcfilelist",
			);
			name = "[CP] Embed Pods Frameworks";
			outputFileListPaths = (
				"${PODS_ROOT}/Target Support Files/Pods-TopMobile/Pods-TopMobile-frameworks-${CONFIGURATION}-output-files.xcfilelist",
			);
			runOnlyForDeploymentPostprocessing = 0;
			shellPath = /bin/sh;
			shellScript = "\"${PODS_ROOT}/Target Support Files/Pods-TopMobile/Pods-TopMobile-frameworks.sh\"\n";
			showEnvVarsInLog = 0;
		};
/* End PBXShellScriptBuildPhase section */

/* Begin PBXSourcesBuildPhase section */
		B1A73DAE280EE3FC00AA681F /* Sources */ = {
			isa = PBXSourcesBuildPhase;
			buildActionMask = 2147483647;
			files = (
				B1A73DB6280EE3FC00AA681F /* AppDelegate.swift in Sources */,
				B1A73DCF280EE63E00AA681F /* PhonesTableViewController.swift in Sources */,
				B134380228136FD60041BAD6 /* NetworkManager.swift in Sources */,
				B1A73DD1280FB9EC00AA681F /* Mobile.swift in Sources */,
				B134380428137F240041BAD6 /* PhonesTableViewCell.swift in Sources */,
				B1A73DB8280EE3FC00AA681F /* SceneDelegate.swift in Sources */,
			);
			runOnlyForDeploymentPostprocessing = 0;
		};
/* End PBXSourcesBuildPhase section */

/* Begin PBXVariantGroup section */
		B1A73DBB280EE3FC00AA681F /* Main.storyboard */ = {
			isa = PBXVariantGroup;
			children = (
				B1A73DBC280EE3FC00AA681F /* Base */,
			);
			name = Main.storyboard;
			sourceTree = "<group>";
		};
		B1A73DC0280EE40300AA681F /* LaunchScreen.storyboard */ = {
			isa = PBXVariantGroup;
			children = (
				B1A73DC1280EE40300AA681F /* Base */,
			);
			name = LaunchScreen.storyboard;
			sourceTree = "<group>";
		};
/* End PBXVariantGroup section */

/* Begin XCBuildConfiguration section */
		B1A73DC4280EE40300AA681F /* Debug */ = {
			isa = XCBuildConfiguration;
			buildSettings = {
				ALWAYS_SEARCH_USER_PATHS = NO;
				CLANG_ANALYZER_NONNULL = YES;
				CLANG_ANALYZER_NUMBER_OBJECT_CONVERSION = YES_AGGRESSIVE;
				CLANG_CXX_LANGUAGE_STANDARD = "gnu++17";
				CLANG_ENABLE_MODULES = YES;
				CLANG_ENABLE_OBJC_ARC = YES;
				CLANG_ENABLE_OBJC_WEAK = YES;
				CLANG_WARN_BLOCK_CAPTURE_AUTORELEASING = YES;
				CLANG_WARN_BOOL_CONVERSION = YES;
				CLANG_WARN_COMMA = YES;
				CLANG_WARN_CONSTANT_CONVERSION = YES;
				CLANG_WARN_DEPRECATED_OBJC_IMPLEMENTATIONS = YES;
				CLANG_WARN_DIRECT_OBJC_ISA_USAGE = YES_ERROR;
				CLANG_WARN_DOCUMENTATION_COMMENTS = YES;
				CLANG_WARN_EMPTY_BODY = YES;
				CLANG_WARN_ENUM_CONVERSION = YES;
				CLANG_WARN_INFINITE_RECURSION = YES;
				CLANG_WARN_INT_CONVERSION = YES;
				CLANG_WARN_NON_LITERAL_NULL_CONVERSION = YES;
				CLANG_WARN_OBJC_IMPLICIT_RETAIN_SELF = YES;
				CLANG_WARN_OBJC_LITERAL_CONVERSION = YES;
				CLANG_WARN_OBJC_ROOT_CLASS = YES_ERROR;
				CLANG_WARN_QUOTED_INCLUDE_IN_FRAMEWORK_HEADER = YES;
				CLANG_WARN_RANGE_LOOP_ANALYSIS = YES;
				CLANG_WARN_STRICT_PROTOTYPES = YES;
				CLANG_WARN_SUSPICIOUS_MOVE = YES;
				CLANG_WARN_UNGUARDED_AVAILABILITY = YES_AGGRESSIVE;
				CLANG_WARN_UNREACHABLE_CODE = YES;
				CLANG_WARN__DUPLICATE_METHOD_MATCH = YES;
				COPY_PHASE_STRIP = NO;
				DEBUG_INFORMATION_FORMAT = dwarf;
				ENABLE_STRICT_OBJC_MSGSEND = YES;
				ENABLE_TESTABILITY = YES;
				GCC_C_LANGUAGE_STANDARD = gnu11;
				GCC_DYNAMIC_NO_PIC = NO;
				GCC_NO_COMMON_BLOCKS = YES;
				GCC_OPTIMIZATION_LEVEL = 0;
				GCC_PREPROCESSOR_DEFINITIONS = (
					"DEBUG=1",
					"$(inherited)",
				);
				GCC_WARN_64_TO_32_BIT_CONVERSION = YES;
				GCC_WARN_ABOUT_RETURN_TYPE = YES_ERROR;
				GCC_WARN_UNDECLARED_SELECTOR = YES;
				GCC_WARN_UNINITIALIZED_AUTOS = YES_AGGRESSIVE;
				GCC_WARN_UNUSED_FUNCTION = YES;
				GCC_WARN_UNUSED_VARIABLE = YES;
				IPHONEOS_DEPLOYMENT_TARGET = 15.4;
				MTL_ENABLE_DEBUG_INFO = INCLUDE_SOURCE;
				MTL_FAST_MATH = YES;
				ONLY_ACTIVE_ARCH = YES;
				SDKROOT = iphoneos;
				SWIFT_ACTIVE_COMPILATION_CONDITIONS = DEBUG;
				SWIFT_OPTIMIZATION_LEVEL = "-Onone";
			};
			name = Debug;
		};
		B1A73DC5280EE40300AA681F /* Release */ = {
			isa = XCBuildConfiguration;
			buildSettings = {
				ALWAYS_SEARCH_USER_PATHS = NO;
				CLANG_ANALYZER_NONNULL = YES;
				CLANG_ANALYZER_NUMBER_OBJECT_CONVERSION = YES_AGGRESSIVE;
				CLANG_CXX_LANGUAGE_STANDARD = "gnu++17";
				CLANG_ENABLE_MODULES = YES;
				CLANG_ENABLE_OBJC_ARC = YES;
				CLANG_ENABLE_OBJC_WEAK = YES;
				CLANG_WARN_BLOCK_CAPTURE_AUTORELEASING = YES;
				CLANG_WARN_BOOL_CONVERSION = YES;
				CLANG_WARN_COMMA = YES;
				CLANG_WARN_CONSTANT_CONVERSION = YES;
				CLANG_WARN_DEPRECATED_OBJC_IMPLEMENTATIONS = YES;
				CLANG_WARN_DIRECT_OBJC_ISA_USAGE = YES_ERROR;
				CLANG_WARN_DOCUMENTATION_COMMENTS = YES;
				CLANG_WARN_EMPTY_BODY = YES;
				CLANG_WARN_ENUM_CONVERSION = YES;
				CLANG_WARN_INFINITE_RECURSION = YES;
				CLANG_WARN_INT_CONVERSION = YES;
				CLANG_WARN_NON_LITERAL_NULL_CONVERSION = YES;
				CLANG_WARN_OBJC_IMPLICIT_RETAIN_SELF = YES;
				CLANG_WARN_OBJC_LITERAL_CONVERSION = YES;
				CLANG_WARN_OBJC_ROOT_CLASS = YES_ERROR;
				CLANG_WARN_QUOTED_INCLUDE_IN_FRAMEWORK_HEADER = YES;
				CLANG_WARN_RANGE_LOOP_ANALYSIS = YES;
				CLANG_WARN_STRICT_PROTOTYPES = YES;
				CLANG_WARN_SUSPICIOUS_MOVE = YES;
				CLANG_WARN_UNGUARDED_AVAILABILITY = YES_AGGRESSIVE;
				CLANG_WARN_UNREACHABLE_CODE = YES;
				CLANG_WARN__DUPLICATE_METHOD_MATCH = YES;
				COPY_PHASE_STRIP = NO;
				DEBUG_INFORMATION_FORMAT = "dwarf-with-dsym";
				ENABLE_NS_ASSERTIONS = NO;
				ENABLE_STRICT_OBJC_MSGSEND = YES;
				GCC_C_LANGUAGE_STANDARD = gnu11;
				GCC_NO_COMMON_BLOCKS = YES;
				GCC_WARN_64_TO_32_BIT_CONVERSION = YES;
				GCC_WARN_ABOUT_RETURN_TYPE = YES_ERROR;
				GCC_WARN_UNDECLARED_SELECTOR = YES;
				GCC_WARN_UNINITIALIZED_AUTOS = YES_AGGRESSIVE;
				GCC_WARN_UNUSED_FUNCTION = YES;
				GCC_WARN_UNUSED_VARIABLE = YES;
				IPHONEOS_DEPLOYMENT_TARGET = 15.4;
				MTL_ENABLE_DEBUG_INFO = NO;
				MTL_FAST_MATH = YES;
				SDKROOT = iphoneos;
				SWIFT_COMPILATION_MODE = wholemodule;
				SWIFT_OPTIMIZATION_LEVEL = "-O";
				VALIDATE_PRODUCT = YES;
			};
			name = Release;
		};
		B1A73DC7280EE40300AA681F /* Debug */ = {
			isa = XCBuildConfiguration;
			baseConfigurationReference = 1DB54A0E842DABB6D4E822D6 /* Pods-TopMobile.debug.xcconfig */;
			buildSettings = {
				ASSETCATALOG_COMPILER_APPICON_NAME = AppIcon;
				ASSETCATALOG_COMPILER_GLOBAL_ACCENT_COLOR_NAME = AccentColor;
				CODE_SIGN_STYLE = Automatic;
				CURRENT_PROJECT_VERSION = 1;
				DEVELOPMENT_TEAM = T2HBBQ5KF9;
				GENERATE_INFOPLIST_FILE = YES;
				INFOPLIST_FILE = TopMobile/App/Info.plist;
				INFOPLIST_KEY_UIApplicationSupportsIndirectInputEvents = YES;
				INFOPLIST_KEY_UILaunchStoryboardName = LaunchScreen;
				INFOPLIST_KEY_UIMainStoryboardFile = Main;
				INFOPLIST_KEY_UISupportedInterfaceOrientations_iPad = "UIInterfaceOrientationPortrait UIInterfaceOrientationPortraitUpsideDown UIInterfaceOrientationLandscapeLeft UIInterfaceOrientationLandscapeRight";
				INFOPLIST_KEY_UISupportedInterfaceOrientations_iPhone = "UIInterfaceOrientationPortrait UIInterfaceOrientationLandscapeLeft UIInterfaceOrientationLandscapeRight";
				LD_RUNPATH_SEARCH_PATHS = (
					"$(inherited)",
					"@executable_path/Frameworks",
				);
				MARKETING_VERSION = 1.0;
				PRODUCT_BUNDLE_IDENTIFIER = home.TopMobile;
				PRODUCT_NAME = "$(TARGET_NAME)";
				SWIFT_EMIT_LOC_STRINGS = YES;
				SWIFT_VERSION = 5.0;
				TARGETED_DEVICE_FAMILY = "1,2";
			};
			name = Debug;
		};
		B1A73DC8280EE40300AA681F /* Release */ = {
			isa = XCBuildConfiguration;
			baseConfigurationReference = BEBEF15942852E3BEC7F4458 /* Pods-TopMobile.release.xcconfig */;
			buildSettings = {
				ASSETCATALOG_COMPILER_APPICON_NAME = AppIcon;
				ASSETCATALOG_COMPILER_GLOBAL_ACCENT_COLOR_NAME = AccentColor;
				CODE_SIGN_STYLE = Automatic;
				CURRENT_PROJECT_VERSION = 1;
				DEVELOPMENT_TEAM = T2HBBQ5KF9;
				GENERATE_INFOPLIST_FILE = YES;
				INFOPLIST_FILE = TopMobile/App/Info.plist;
				INFOPLIST_KEY_UIApplicationSupportsIndirectInputEvents = YES;
				INFOPLIST_KEY_UILaunchStoryboardName = LaunchScreen;
				INFOPLIST_KEY_UIMainStoryboardFile = Main;
				INFOPLIST_KEY_UISupportedInterfaceOrientations_iPad = "UIInterfaceOrientationPortrait UIInterfaceOrientationPortraitUpsideDown UIInterfaceOrientationLandscapeLeft UIInterfaceOrientationLandscapeRight";
				INFOPLIST_KEY_UISupportedInterfaceOrientations_iPhone = "UIInterfaceOrientationPortrait UIInterfaceOrientationLandscapeLeft UIInterfaceOrientationLandscapeRight";
				LD_RUNPATH_SEARCH_PATHS = (
					"$(inherited)",
					"@executable_path/Frameworks",
				);
				MARKETING_VERSION = 1.0;
				PRODUCT_BUNDLE_IDENTIFIER = home.TopMobile;
				PRODUCT_NAME = "$(TARGET_NAME)";
				SWIFT_EMIT_LOC_STRINGS = YES;
				SWIFT_VERSION = 5.0;
				TARGETED_DEVICE_FAMILY = "1,2";
			};
			name = Release;
		};
/* End XCBuildConfiguration section */

/* Begin XCConfigurationList section */
		B1A73DAD280EE3FC00AA681F /* Build configuration list for PBXProject "TopMobile" */ = {
			isa = XCConfigurationList;
			buildConfigurations = (
				B1A73DC4280EE40300AA681F /* Debug */,
				B1A73DC5280EE40300AA681F /* Release */,
			);
			defaultConfigurationIsVisible = 0;
			defaultConfigurationName = Release;
		};
		B1A73DC6280EE40300AA681F /* Build configuration list for PBXNativeTarget "TopMobile" */ = {
			isa = XCConfigurationList;
			buildConfigurations = (
				B1A73DC7280EE40300AA681F /* Debug */,
				B1A73DC8280EE40300AA681F /* Release */,
			);
			defaultConfigurationIsVisible = 0;
			defaultConfigurationName = Release;
		};
/* End XCConfigurationList section */
	};
	rootObject = B1A73DAA280EE3FC00AA681F /* Project object */;
}
